
Microsoft Visual Studio Solution File, Format Version 12.00
# Visual Studio Version 17
VisualStudioVersion = 17.11.35222.181
MinimumVisualStudioVersion = 10.0.40219.1
Project("{FAE04EC0-301F-11D3-BF4B-00C04F79EFBC}") = "DetectCapital", "DetectCapital\DetectCapital.csproj", "{5D6C112C-ECED-4FDC-BAB0-B64E50AD0E27}"
EndProject
Global
	GlobalSection(SolutionConfigurationPlatforms) = preSolution
		Debug|Any CPU = Debug|Any CPU
		Release|Any CPU = Release|Any CPU
	EndGlobalSection
	GlobalSection(ProjectConfigurationPlatforms) = postSolution
		{5D6C112C-ECED-4FDC-BAB0-B64E50AD0E27}.Debug|Any CPU.ActiveCfg = Debug|Any CPU
		{5D6C112C-ECED-4FDC-BAB0-B64E50AD0E27}.Debug|Any CPU.Build.0 = Debug|Any CPU
		{5D6C112C-ECED-4FDC-BAB0-B64E50AD0E27}.Release|Any CPU.ActiveCfg = Release|Any CPU
		{5D6C112C-ECED-4FDC-BAB0-B64E50AD0E27}.Release|Any CPU.Build.0 = Release|Any CPU
	EndGlobalSection
	GlobalSection(SolutionProperties) = preSolution
		HideSolutionNode = FALSE
	EndGlobalSection
	GlobalSection(ExtensibilityGlobals) = postSolution
		SolutionGuid = {DEE68C28-2302-4DB7-AE0B-9FADFAA10064}
	EndGlobalSection
EndGlobal
